
Microsoft Visual Studio Solution File, Format Version 12.00
# Visual Studio Version 17
VisualStudioVersion = 17.9.34622.214
MinimumVisualStudioVersion = 10.0.40219.1
Project("{FAE04EC0-301F-11D3-BF4B-00C04F79EFBC}") = "EmirhanChatServer.WebAPI", "EmirhanChatServer.WebAPI\EmirhanChatServer.WebAPI.csproj", "{75747DD2-0C51-4460-A1FE-4F97E37354AE}"
EndProject
Global
	GlobalSection(SolutionConfigurationPlatforms) = preSolution
		Debug|Any CPU = Debug|Any CPU
		Release|Any CPU = Release|Any CPU
	EndGlobalSection
	GlobalSection(ProjectConfigurationPlatforms) = postSolution
		{75747DD2-0C51-4460-A1FE-4F97E37354AE}.Debug|Any CPU.ActiveCfg = Debug|Any CPU
		{75747DD2-0C51-4460-A1FE-4F97E37354AE}.Debug|Any CPU.Build.0 = Debug|Any CPU
		{75747DD2-0C51-4460-A1FE-4F97E37354AE}.Release|Any CPU.ActiveCfg = Release|Any CPU
		{75747DD2-0C51-4460-A1FE-4F97E37354AE}.Release|Any CPU.Build.0 = Release|Any CPU
	EndGlobalSection
	GlobalSection(SolutionProperties) = preSolution
		HideSolutionNode = FALSE
	EndGlobalSection
	GlobalSection(ExtensibilityGlobals) = postSolution
		SolutionGuid = {106ADEB8-6252-4C06-B631-A50DCD5D93F3}
	EndGlobalSection
EndGlobal
